
Microsoft Visual Studio Solution File, Format Version 12.00
# Visual Studio Version 17
VisualStudioVersion = 17.9.34714.143
MinimumVisualStudioVersion = 10.0.40219.1
Project("{FAE04EC0-301F-11D3-BF4B-00C04F79EFBC}") = "DeliveryFilterAPI", "DeliveryFilterAPI\DeliveryFilterAPI.csproj", "{41312B78-EFAE-4B0C-AA18-5FEF715CB906}"
EndProject
Project("{FAE04EC0-301F-11D3-BF4B-00C04F79EFBC}") = "Domen", "Domen\Domen.csproj", "{70A49F8C-B043-48FB-9DC0-55C0ACCEB1C4}"
EndProject
Project("{FAE04EC0-301F-11D3-BF4B-00C04F79EFBC}") = "Infrastructure", "Infrastructure\Infrastructure.csproj", "{3928B954-DE53-485A-9A51-B0061EBDBD2D}"
EndProject
Project("{FAE04EC0-301F-11D3-BF4B-00C04F79EFBC}") = "Aplication", "Aplication\Aplication.csproj", "{6A6B7425-B083-4C62-8593-FFC97A4CEDD2}"
EndProject
Global
	GlobalSection(SolutionConfigurationPlatforms) = preSolution
		Debug|Any CPU = Debug|Any CPU
		Release|Any CPU = Release|Any CPU
	EndGlobalSection
	GlobalSection(ProjectConfigurationPlatforms) = postSolution
		{41312B78-EFAE-4B0C-AA18-5FEF715CB906}.Debug|Any CPU.ActiveCfg = Debug|Any CPU
		{41312B78-EFAE-4B0C-AA18-5FEF715CB906}.Debug|Any CPU.Build.0 = Debug|Any CPU
		{41312B78-EFAE-4B0C-AA18-5FEF715CB906}.Release|Any CPU.ActiveCfg = Release|Any CPU
		{41312B78-EFAE-4B0C-AA18-5FEF715CB906}.Release|Any CPU.Build.0 = Release|Any CPU
		{70A49F8C-B043-48FB-9DC0-55C0ACCEB1C4}.Debug|Any CPU.ActiveCfg = Debug|Any CPU
		{70A49F8C-B043-48FB-9DC0-55C0ACCEB1C4}.Debug|Any CPU.Build.0 = Debug|Any CPU
		{70A49F8C-B043-48FB-9DC0-55C0ACCEB1C4}.Release|Any CPU.ActiveCfg = Release|Any CPU
		{70A49F8C-B043-48FB-9DC0-55C0ACCEB1C4}.Release|Any CPU.Build.0 = Release|Any CPU
		{3928B954-DE53-485A-9A51-B0061EBDBD2D}.Debug|Any CPU.ActiveCfg = Debug|Any CPU
		{3928B954-DE53-485A-9A51-B0061EBDBD2D}.Debug|Any CPU.Build.0 = Debug|Any CPU
		{3928B954-DE53-485A-9A51-B0061EBDBD2D}.Release|Any CPU.ActiveCfg = Release|Any CPU
		{3928B954-DE53-485A-9A51-B0061EBDBD2D}.Release|Any CPU.Build.0 = Release|Any CPU
		{6A6B7425-B083-4C62-8593-FFC97A4CEDD2}.Debug|Any CPU.ActiveCfg = Debug|Any CPU
		{6A6B7425-B083-4C62-8593-FFC97A4CEDD2}.Debug|Any CPU.Build.0 = Debug|Any CPU
		{6A6B7425-B083-4C62-8593-FFC97A4CEDD2}.Release|Any CPU.ActiveCfg = Release|Any CPU
		{6A6B7425-B083-4C62-8593-FFC97A4CEDD2}.Release|Any CPU.Build.0 = Release|Any CPU
	EndGlobalSection
	GlobalSection(SolutionProperties) = preSolution
		HideSolutionNode = FALSE
	EndGlobalSection
	GlobalSection(ExtensibilityGlobals) = postSolution
		SolutionGuid = {FE44D60D-015C-42EF-BF4B-D8B79886CF28}
	EndGlobalSection
EndGlobal
